
Microsoft Visual Studio Solution File, Format Version 12.00
# Visual Studio Version 17
VisualStudioVersion = 17.4.33103.184
MinimumVisualStudioVersion = 10.0.40219.1
Project("{FAE04EC0-301F-11D3-BF4B-00C04F79EFBC}") = "MP3_Final", "MP3_Final\MP3_Final.csproj", "{158ECECE-04EC-4845-B5D2-41114A816A11}"
EndProject
Global
	GlobalSection(SolutionConfigurationPlatforms) = preSolution
		Debug|Any CPU = Debug|Any CPU
		Release|Any CPU = Release|Any CPU
	EndGlobalSection
	GlobalSection(ProjectConfigurationPlatforms) = postSolution
		{158ECECE-04EC-4845-B5D2-41114A816A11}.Debug|Any CPU.ActiveCfg = Debug|Any CPU
		{158ECECE-04EC-4845-B5D2-41114A816A11}.Debug|Any CPU.Build.0 = Debug|Any CPU
		{158ECECE-04EC-4845-B5D2-41114A816A11}.Release|Any CPU.ActiveCfg = Release|Any CPU
		{158ECECE-04EC-4845-B5D2-41114A816A11}.Release|Any CPU.Build.0 = Release|Any CPU
	EndGlobalSection
	GlobalSection(SolutionProperties) = preSolution
		HideSolutionNode = FALSE
	EndGlobalSection
	GlobalSection(ExtensibilityGlobals) = postSolution
		SolutionGuid = {088C8303-BEB0-4984-8067-4D89152C5BF3}
	EndGlobalSection
EndGlobal
