
Microsoft Visual Studio Solution File, Format Version 12.00
# Visual Studio Version 17
VisualStudioVersion = 17.2.32630.192
MinimumVisualStudioVersion = 10.0.40219.1
Project("{FAE04EC0-301F-11D3-BF4B-00C04F79EFBC}") = "Winform_MP3", "Winform_MP3\Winform_MP3.csproj", "{0082D1CE-80F4-4A8C-85FD-906E7EBEBF45}"
EndProject
Global
	GlobalSection(SolutionConfigurationPlatforms) = preSolution
		Debug|Any CPU = Debug|Any CPU
		Release|Any CPU = Release|Any CPU
	EndGlobalSection
	GlobalSection(ProjectConfigurationPlatforms) = postSolution
		{0082D1CE-80F4-4A8C-85FD-906E7EBEBF45}.Debug|Any CPU.ActiveCfg = Debug|Any CPU
		{0082D1CE-80F4-4A8C-85FD-906E7EBEBF45}.Debug|Any CPU.Build.0 = Debug|Any CPU
		{0082D1CE-80F4-4A8C-85FD-906E7EBEBF45}.Release|Any CPU.ActiveCfg = Release|Any CPU
		{0082D1CE-80F4-4A8C-85FD-906E7EBEBF45}.Release|Any CPU.Build.0 = Release|Any CPU
	EndGlobalSection
	GlobalSection(SolutionProperties) = preSolution
		HideSolutionNode = FALSE
	EndGlobalSection
	GlobalSection(ExtensibilityGlobals) = postSolution
		SolutionGuid = {DA3734C6-17CD-4560-A981-FA76D6986BC4}
	EndGlobalSection
EndGlobal
